// !$*UTF8*$!
{
	archiveVersion = 1;
	classes = {
	};
	objectVersion = 56;
	objects = {

/* Begin PBXBuildFile section */
		EEA6E19C2BB1D82F00EC0B88 /* Avia_ManiaApp.swift in Sources */ = {isa = PBXBuildFile; fileRef = EEA6E19B2BB1D82F00EC0B88 /* Avia_ManiaApp.swift */; };
		EEA6E19E2BB1D82F00EC0B88 /* ContentView.swift in Sources */ = {isa = PBXBuildFile; fileRef = EEA6E19D2BB1D82F00EC0B88 /* ContentView.swift */; };
		EEA6E1A02BB1D83100EC0B88 /* Assets.xcassets in Resources */ = {isa = PBXBuildFile; fileRef = EEA6E19F2BB1D83100EC0B88 /* Assets.xcassets */; };
		EEA6E1A32BB1D83100EC0B88 /* Preview Assets.xcassets in Resources */ = {isa = PBXBuildFile; fileRef = EEA6E1A22BB1D83100EC0B88 /* Preview Assets.xcassets */; };
		EEA6E1AC2BB1DAC200EC0B88 /* GameScene.swift in Sources */ = {isa = PBXBuildFile; fileRef = EEA6E1AB2BB1DAC200EC0B88 /* GameScene.swift */; };
		EEA6E1B02BB1E8E600EC0B88 /* Firefles.sks in Resources */ = {isa = PBXBuildFile; fileRef = EEA6E1AE2BB1E8E600EC0B88 /* Firefles.sks */; };
		EEA6E1B12BB1E8E600EC0B88 /* Assets.xcassets in Resources */ = {isa = PBXBuildFile; fileRef = EEA6E1AF2BB1E8E600EC0B88 /* Assets.xcassets */; };
		EEA6E1B32BB1E8FC00EC0B88 /* Fire.sks in Resources */ = {isa = PBXBuildFile; fileRef = EEA6E1B22BB1E8FC00EC0B88 /* Fire.sks */; };
		EEA6E1B62BB1EA1F00EC0B88 /* explosion.wav in Resources */ = {isa = PBXBuildFile; fileRef = EEA6E1B52BB1EA1F00EC0B88 /* explosion.wav */; };
		EEA6E1B92BB22A0000EC0B88 /* GameView.swift in Sources */ = {isa = PBXBuildFile; fileRef = EEA6E1B82BB22A0000EC0B88 /* GameView.swift */; };
		EEA6E1BB2BB22D4000EC0B88 /* GameOverView.swift in Sources */ = {isa = PBXBuildFile; fileRef = EEA6E1BA2BB22D4000EC0B88 /* GameOverView.swift */; };
		EEA6E1C42BB3631000EC0B88 /* MenuView.swift in Sources */ = {isa = PBXBuildFile; fileRef = EEA6E1C32BB3631000EC0B88 /* MenuView.swift */; };
		EEA6E1C72BB3632000EC0B88 /* PlaneStoreView.swift in Sources */ = {isa = PBXBuildFile; fileRef = EEA6E1C62BB3632000EC0B88 /* PlaneStoreView.swift */; };
		EEA6E1C92BB3632C00EC0B88 /* MissionsView.swift in Sources */ = {isa = PBXBuildFile; fileRef = EEA6E1C82BB3632C00EC0B88 /* MissionsView.swift */; };
		EEA6E1CB2BB3633400EC0B88 /* RulesView.swift in Sources */ = {isa = PBXBuildFile; fileRef = EEA6E1CA2BB3633400EC0B88 /* RulesView.swift */; };
		EEA6E1CD2BB3634800EC0B88 /* ContactUsView.swift in Sources */ = {isa = PBXBuildFile; fileRef = EEA6E1CC2BB3634800EC0B88 /* ContactUsView.swift */; };
		EEA6E1D02BB3778B00EC0B88 /* SettingsView.swift in Sources */ = {isa = PBXBuildFile; fileRef = EEA6E1CF2BB3778B00EC0B88 /* SettingsView.swift */; };
		EEA6E1D32BB385DD00EC0B88 /* AppData.swift in Sources */ = {isa = PBXBuildFile; fileRef = EEA6E1D22BB385DD00EC0B88 /* AppData.swift */; };
		EEA6E1D62BB38B0C00EC0B88 /* MissionItem.swift in Sources */ = {isa = PBXBuildFile; fileRef = EEA6E1D52BB38B0C00EC0B88 /* MissionItem.swift */; };
/* End PBXBuildFile section */

/* Begin PBXFileReference section */
		EEA6E1982BB1D82F00EC0B88 /* Avia Mania.app */ = {isa = PBXFileReference; explicitFileType = wrapper.application; includeInIndex = 0; path = "Avia Mania.app"; sourceTree = BUILT_PRODUCTS_DIR; };
		EEA6E19B2BB1D82F00EC0B88 /* Avia_ManiaApp.swift */ = {isa = PBXFileReference; lastKnownFileType = sourcecode.swift; path = Avia_ManiaApp.swift; sourceTree = "<group>"; };
		EEA6E19D2BB1D82F00EC0B88 /* ContentView.swift */ = {isa = PBXFileReference; lastKnownFileType = sourcecode.swift; path = ContentView.swift; sourceTree = "<group>"; };
		EEA6E19F2BB1D83100EC0B88 /* Assets.xcassets */ = {isa = PBXFileReference; lastKnownFileType = folder.assetcatalog; path = Assets.xcassets; sourceTree = "<group>"; };
		EEA6E1A22BB1D83100EC0B88 /* Preview Assets.xcassets */ = {isa = PBXFileReference; lastKnownFileType = folder.assetcatalog; path = "Preview Assets.xcassets"; sourceTree = "<group>"; };
		EEA6E1AB2BB1DAC200EC0B88 /* GameScene.swift */ = {isa = PBXFileReference; lastKnownFileType = sourcecode.swift; path = GameScene.swift; sourceTree = "<group>"; };
		EEA6E1AE2BB1E8E600EC0B88 /* Firefles.sks */ = {isa = PBXFileReference; lastKnownFileType = file.sks; path = Firefles.sks; sourceTree = "<group>"; };
		EEA6E1AF2BB1E8E600EC0B88 /* Assets.xcassets */ = {isa = PBXFileReference; lastKnownFileType = folder.assetcatalog; path = Assets.xcassets; sourceTree = "<group>"; };
		EEA6E1B22BB1E8FC00EC0B88 /* Fire.sks */ = {isa = PBXFileReference; lastKnownFileType = file.sks; path = Fire.sks; sourceTree = "<group>"; };
		EEA6E1B52BB1EA1F00EC0B88 /* explosion.wav */ = {isa = PBXFileReference; lastKnownFileType = audio.wav; path = explosion.wav; sourceTree = "<group>"; };
		EEA6E1B82BB22A0000EC0B88 /* GameView.swift */ = {isa = PBXFileReference; lastKnownFileType = sourcecode.swift; path = GameView.swift; sourceTree = "<group>"; };
		EEA6E1BA2BB22D4000EC0B88 /* GameOverView.swift */ = {isa = PBXFileReference; lastKnownFileType = sourcecode.swift; path = GameOverView.swift; sourceTree = "<group>"; };
		EEA6E1C32BB3631000EC0B88 /* MenuView.swift */ = {isa = PBXFileReference; lastKnownFileType = sourcecode.swift; path = MenuView.swift; sourceTree = "<group>"; };
		EEA6E1C62BB3632000EC0B88 /* PlaneStoreView.swift */ = {isa = PBXFileReference; lastKnownFileType = sourcecode.swift; path = PlaneStoreView.swift; sourceTree = "<group>"; };
		EEA6E1C82BB3632C00EC0B88 /* MissionsView.swift */ = {isa = PBXFileReference; lastKnownFileType = sourcecode.swift; path = MissionsView.swift; sourceTree = "<group>"; };
		EEA6E1CA2BB3633400EC0B88 /* RulesView.swift */ = {isa = PBXFileReference; lastKnownFileType = sourcecode.swift; path = RulesView.swift; sourceTree = "<group>"; };
		EEA6E1CC2BB3634800EC0B88 /* ContactUsView.swift */ = {isa = PBXFileReference; lastKnownFileType = sourcecode.swift; path = ContactUsView.swift; sourceTree = "<group>"; };
		EEA6E1CF2BB3778B00EC0B88 /* SettingsView.swift */ = {isa = PBXFileReference; lastKnownFileType = sourcecode.swift; path = SettingsView.swift; sourceTree = "<group>"; };
		EEA6E1D22BB385DD00EC0B88 /* AppData.swift */ = {isa = PBXFileReference; lastKnownFileType = sourcecode.swift; path = AppData.swift; sourceTree = "<group>"; };
		EEA6E1D52BB38B0C00EC0B88 /* MissionItem.swift */ = {isa = PBXFileReference; lastKnownFileType = sourcecode.swift; path = MissionItem.swift; sourceTree = "<group>"; };
/* End PBXFileReference section */

/* Begin PBXFrameworksBuildPhase section */
		EEA6E1952BB1D82F00EC0B88 /* Frameworks */ = {
			isa = PBXFrameworksBuildPhase;
			buildActionMask = 2147483647;
			files = (
			);
			runOnlyForDeploymentPostprocessing = 0;
		};
/* End PBXFrameworksBuildPhase section */

/* Begin PBXGroup section */
		EEA6E18F2BB1D82F00EC0B88 = {
			isa = PBXGroup;
			children = (
				EEA6E19A2BB1D82F00EC0B88 /* Avia Mania */,
				EEA6E1992BB1D82F00EC0B88 /* Products */,
			);
			sourceTree = "<group>";
		};
		EEA6E1992BB1D82F00EC0B88 /* Products */ = {
			isa = PBXGroup;
			children = (
				EEA6E1982BB1D82F00EC0B88 /* Avia Mania.app */,
			);
			name = Products;
			sourceTree = "<group>";
		};
		EEA6E19A2BB1D82F00EC0B88 /* Avia Mania */ = {
			isa = PBXGroup;
			children = (
				EEA6E1D42BB38AFE00EC0B88 /* Model */,
				EEA6E1D12BB385D400EC0B88 /* AppData */,
				EEA6E1BC2BB3622A00EC0B88 /* AppViews */,
				EEA6E1B42BB1EA1500EC0B88 /* Sounds */,
				EEA6E1AD2BB1E8CB00EC0B88 /* Particles */,
				EEA6E1AA2BB1D92900EC0B88 /* Game */,
				EEA6E19B2BB1D82F00EC0B88 /* Avia_ManiaApp.swift */,
				EEA6E19D2BB1D82F00EC0B88 /* ContentView.swift */,
				EEA6E19F2BB1D83100EC0B88 /* Assets.xcassets */,
				EEA6E1A12BB1D83100EC0B88 /* Preview Content */,
			);
			path = "Avia Mania";
			sourceTree = "<group>";
		};
		EEA6E1A12BB1D83100EC0B88 /* Preview Content */ = {
			isa = PBXGroup;
			children = (
				EEA6E1A22BB1D83100EC0B88 /* Preview Assets.xcassets */,
			);
			path = "Preview Content";
			sourceTree = "<group>";
		};
		EEA6E1A92BB1D92400EC0B88 /* Scenes */ = {
			isa = PBXGroup;
			children = (
				EEA6E1AB2BB1DAC200EC0B88 /* GameScene.swift */,
			);
			path = Scenes;
			sourceTree = "<group>";
		};
		EEA6E1AA2BB1D92900EC0B88 /* Game */ = {
			isa = PBXGroup;
			children = (
				EEA6E1B72BB229F500EC0B88 /* View */,
				EEA6E1A92BB1D92400EC0B88 /* Scenes */,
			);
			path = Game;
			sourceTree = "<group>";
		};
		EEA6E1AD2BB1E8CB00EC0B88 /* Particles */ = {
			isa = PBXGroup;
			children = (
				EEA6E1AE2BB1E8E600EC0B88 /* Firefles.sks */,
				EEA6E1AF2BB1E8E600EC0B88 /* Assets.xcassets */,
				EEA6E1B22BB1E8FC00EC0B88 /* Fire.sks */,
			);
			path = Particles;
			sourceTree = "<group>";
		};
		EEA6E1B42BB1EA1500EC0B88 /* Sounds */ = {
			isa = PBXGroup;
			children = (
				EEA6E1B52BB1EA1F00EC0B88 /* explosion.wav */,
			);
			path = Sounds;
			sourceTree = "<group>";
		};
		EEA6E1B72BB229F500EC0B88 /* View */ = {
			isa = PBXGroup;
			children = (
				EEA6E1B82BB22A0000EC0B88 /* GameView.swift */,
				EEA6E1BA2BB22D4000EC0B88 /* GameOverView.swift */,
			);
			path = View;
			sourceTree = "<group>";
		};
		EEA6E1BC2BB3622A00EC0B88 /* AppViews */ = {
			isa = PBXGroup;
			children = (
				EEA6E1CE2BB3778100EC0B88 /* Settings */,
				EEA6E1C12BB3625000EC0B88 /* ContactUs */,
				EEA6E1C02BB3624900EC0B88 /* Rules */,
				EEA6E1BF2BB3623900EC0B88 /* Missions */,
				EEA6E1BE2BB3623500EC0B88 /* Store */,
				EEA6E1BD2BB3623200EC0B88 /* Menu */,
			);
			path = AppViews;
			sourceTree = "<group>";
		};
		EEA6E1BD2BB3623200EC0B88 /* Menu */ = {
			isa = PBXGroup;
			children = (
				EEA6E1C32BB3631000EC0B88 /* MenuView.swift */,
			);
			path = Menu;
			sourceTree = "<group>";
		};
		EEA6E1BE2BB3623500EC0B88 /* Store */ = {
			isa = PBXGroup;
			children = (
				EEA6E1C62BB3632000EC0B88 /* PlaneStoreView.swift */,
			);
			path = Store;
			sourceTree = "<group>";
		};
		EEA6E1BF2BB3623900EC0B88 /* Missions */ = {
			isa = PBXGroup;
			children = (
				EEA6E1C82BB3632C00EC0B88 /* MissionsView.swift */,
			);
			path = Missions;
			sourceTree = "<group>";
		};
		EEA6E1C02BB3624900EC0B88 /* Rules */ = {
			isa = PBXGroup;
			children = (
				EEA6E1CA2BB3633400EC0B88 /* RulesView.swift */,
			);
			path = Rules;
			sourceTree = "<group>";
		};
		EEA6E1C12BB3625000EC0B88 /* ContactUs */ = {
			isa = PBXGroup;
			children = (
				EEA6E1CC2BB3634800EC0B88 /* ContactUsView.swift */,
			);
			path = ContactUs;
			sourceTree = "<group>";
		};
		EEA6E1CE2BB3778100EC0B88 /* Settings */ = {
			isa = PBXGroup;
			children = (
				EEA6E1CF2BB3778B00EC0B88 /* SettingsView.swift */,
			);
			path = Settings;
			sourceTree = "<group>";
		};
		EEA6E1D12BB385D400EC0B88 /* AppData */ = {
			isa = PBXGroup;
			children = (
				EEA6E1D22BB385DD00EC0B88 /* AppData.swift */,
			);
			path = AppData;
			sourceTree = "<group>";
		};
		EEA6E1D42BB38AFE00EC0B88 /* Model */ = {
			isa = PBXGroup;
			children = (
				EEA6E1D52BB38B0C00EC0B88 /* MissionItem.swift */,
			);
			path = Model;
			sourceTree = "<group>";
		};
/* End PBXGroup section */

/* Begin PBXNativeTarget section */
		EEA6E1972BB1D82F00EC0B88 /* Avia Mania */ = {
			isa = PBXNativeTarget;
			buildConfigurationList = EEA6E1A62BB1D83100EC0B88 /* Build configuration list for PBXNativeTarget "Avia Mania" */;
			buildPhases = (
				EEA6E1942BB1D82F00EC0B88 /* Sources */,
				EEA6E1952BB1D82F00EC0B88 /* Frameworks */,
				EEA6E1962BB1D82F00EC0B88 /* Resources */,
			);
			buildRules = (
			);
			dependencies = (
			);
			name = "Avia Mania";
			productName = "Avia Mania";
			productReference = EEA6E1982BB1D82F00EC0B88 /* Avia Mania.app */;
			productType = "com.apple.product-type.application";
		};
/* End PBXNativeTarget section */

/* Begin PBXProject section */
		EEA6E1902BB1D82F00EC0B88 /* Project object */ = {
			isa = PBXProject;
			attributes = {
				BuildIndependentTargetsInParallel = 1;
				LastSwiftUpdateCheck = 1510;
				LastUpgradeCheck = 1510;
				TargetAttributes = {
					EEA6E1972BB1D82F00EC0B88 = {
						CreatedOnToolsVersion = 15.1;
					};
				};
			};
			buildConfigurationList = EEA6E1932BB1D82F00EC0B88 /* Build configuration list for PBXProject "Avia Mania" */;
			compatibilityVersion = "Xcode 14.0";
			developmentRegion = en;
			hasScannedForEncodings = 0;
			knownRegions = (
				en,
				Base,
			);
			mainGroup = EEA6E18F2BB1D82F00EC0B88;
			productRefGroup = EEA6E1992BB1D82F00EC0B88 /* Products */;
			projectDirPath = "";
			projectRoot = "";
			targets = (
				EEA6E1972BB1D82F00EC0B88 /* Avia Mania */,
			);
		};
/* End PBXProject section */

/* Begin PBXResourcesBuildPhase section */
		EEA6E1962BB1D82F00EC0B88 /* Resources */ = {
			isa = PBXResourcesBuildPhase;
			buildActionMask = 2147483647;
			files = (
				EEA6E1A32BB1D83100EC0B88 /* Preview Assets.xcassets in Resources */,
				EEA6E1B62BB1EA1F00EC0B88 /* explosion.wav in Resources */,
				EEA6E1A02BB1D83100EC0B88 /* Assets.xcassets in Resources */,
				EEA6E1B12BB1E8E600EC0B88 /* Assets.xcassets in Resources */,
				EEA6E1B02BB1E8E600EC0B88 /* Firefles.sks in Resources */,
				EEA6E1B32BB1E8FC00EC0B88 /* Fire.sks in Resources */,
			);
			runOnlyForDeploymentPostprocessing = 0;
		};
/* End PBXResourcesBuildPhase section */

/* Begin PBXSourcesBuildPhase section */
		EEA6E1942BB1D82F00EC0B88 /* Sources */ = {
			isa = PBXSourcesBuildPhase;
			buildActionMask = 2147483647;
			files = (
				EEA6E1BB2BB22D4000EC0B88 /* GameOverView.swift in Sources */,
				EEA6E1CD2BB3634800EC0B88 /* ContactUsView.swift in Sources */,
				EEA6E1C42BB3631000EC0B88 /* MenuView.swift in Sources */,
				EEA6E1AC2BB1DAC200EC0B88 /* GameScene.swift in Sources */,
				EEA6E1D62BB38B0C00EC0B88 /* MissionItem.swift in Sources */,
				EEA6E1C72BB3632000EC0B88 /* PlaneStoreView.swift in Sources */,
				EEA6E19E2BB1D82F00EC0B88 /* ContentView.swift in Sources */,
				EEA6E1CB2BB3633400EC0B88 /* RulesView.swift in Sources */,
				EEA6E1C92BB3632C00EC0B88 /* MissionsView.swift in Sources */,
				EEA6E1B92BB22A0000EC0B88 /* GameView.swift in Sources */,
				EEA6E19C2BB1D82F00EC0B88 /* Avia_ManiaApp.swift in Sources */,
				EEA6E1D02BB3778B00EC0B88 /* SettingsView.swift in Sources */,
				EEA6E1D32BB385DD00EC0B88 /* AppData.swift in Sources */,
			);
			runOnlyForDeploymentPostprocessing = 0;
		};
/* End PBXSourcesBuildPhase section */

/* Begin XCBuildConfiguration section */
		EEA6E1A42BB1D83100EC0B88 /* Debug */ = {
			isa = XCBuildConfiguration;
			buildSettings = {
				ALWAYS_SEARCH_USER_PATHS = NO;
				ASSETCATALOG_COMPILER_GENERATE_SWIFT_ASSET_SYMBOL_EXTENSIONS = YES;
				CLANG_ANALYZER_NONNULL = YES;
				CLANG_ANALYZER_NUMBER_OBJECT_CONVERSION = YES_AGGRESSIVE;
				CLANG_CXX_LANGUAGE_STANDARD = "gnu++20";
				CLANG_ENABLE_MODULES = YES;
				CLANG_ENABLE_OBJC_ARC = YES;
				CLANG_ENABLE_OBJC_WEAK = YES;
				CLANG_WARN_BLOCK_CAPTURE_AUTORELEASING = YES;
				CLANG_WARN_BOOL_CONVERSION = YES;
				CLANG_WARN_COMMA = YES;
				CLANG_WARN_CONSTANT_CONVERSION = YES;
				CLANG_WARN_DEPRECATED_OBJC_IMPLEMENTATIONS = YES;
				CLANG_WARN_DIRECT_OBJC_ISA_USAGE = YES_ERROR;
				CLANG_WARN_DOCUMENTATION_COMMENTS = YES;
				CLANG_WARN_EMPTY_BODY = YES;
				CLANG_WARN_ENUM_CONVERSION = YES;
				CLANG_WARN_INFINITE_RECURSION = YES;
				CLANG_WARN_INT_CONVERSION = YES;
				CLANG_WARN_NON_LITERAL_NULL_CONVERSION = YES;
				CLANG_WARN_OBJC_IMPLICIT_RETAIN_SELF = YES;
				CLANG_WARN_OBJC_LITERAL_CONVERSION = YES;
				CLANG_WARN_OBJC_ROOT_CLASS = YES_ERROR;
				CLANG_WARN_QUOTED_INCLUDE_IN_FRAMEWORK_HEADER = YES;
				CLANG_WARN_RANGE_LOOP_ANALYSIS = YES;
				CLANG_WARN_STRICT_PROTOTYPES = YES;
				CLANG_WARN_SUSPICIOUS_MOVE = YES;
				CLANG_WARN_UNGUARDED_AVAILABILITY = YES_AGGRESSIVE;
				CLANG_WARN_UNREACHABLE_CODE = YES;
				CLANG_WARN__DUPLICATE_METHOD_MATCH = YES;
				COPY_PHASE_STRIP = NO;
				DEBUG_INFORMATION_FORMAT = dwarf;
				ENABLE_STRICT_OBJC_MSGSEND = YES;
				ENABLE_TESTABILITY = YES;
				ENABLE_USER_SCRIPT_SANDBOXING = YES;
				GCC_C_LANGUAGE_STANDARD = gnu17;
				GCC_DYNAMIC_NO_PIC = NO;
				GCC_NO_COMMON_BLOCKS = YES;
				GCC_OPTIMIZATION_LEVEL = 0;
				GCC_PREPROCESSOR_DEFINITIONS = (
					"DEBUG=1",
					"$(inherited)",
				);
				GCC_WARN_64_TO_32_BIT_CONVERSION = YES;
				GCC_WARN_ABOUT_RETURN_TYPE = YES_ERROR;
				GCC_WARN_UNDECLARED_SELECTOR = YES;
				GCC_WARN_UNINITIALIZED_AUTOS = YES_AGGRESSIVE;
				GCC_WARN_UNUSED_FUNCTION = YES;
				GCC_WARN_UNUSED_VARIABLE = YES;
				IPHONEOS_DEPLOYMENT_TARGET = 17.2;
				LOCALIZATION_PREFERS_STRING_CATALOGS = YES;
				MTL_ENABLE_DEBUG_INFO = INCLUDE_SOURCE;
				MTL_FAST_MATH = YES;
				ONLY_ACTIVE_ARCH = YES;
				SDKROOT = iphoneos;
				SWIFT_ACTIVE_COMPILATION_CONDITIONS = "DEBUG $(inherited)";
				SWIFT_OPTIMIZATION_LEVEL = "-Onone";
			};
			name = Debug;
		};
		EEA6E1A52BB1D83100EC0B88 /* Release */ = {
			isa = XCBuildConfiguration;
			buildSettings = {
				ALWAYS_SEARCH_USER_PATHS = NO;
				ASSETCATALOG_COMPILER_GENERATE_SWIFT_ASSET_SYMBOL_EXTENSIONS = YES;
				CLANG_ANALYZER_NONNULL = YES;
				CLANG_ANALYZER_NUMBER_OBJECT_CONVERSION = YES_AGGRESSIVE;
				CLANG_CXX_LANGUAGE_STANDARD = "gnu++20";
				CLANG_ENABLE_MODULES = YES;
				CLANG_ENABLE_OBJC_ARC = YES;
				CLANG_ENABLE_OBJC_WEAK = YES;
				CLANG_WARN_BLOCK_CAPTURE_AUTORELEASING = YES;
				CLANG_WARN_BOOL_CONVERSION = YES;
				CLANG_WARN_COMMA = YES;
				CLANG_WARN_CONSTANT_CONVERSION = YES;
				CLANG_WARN_DEPRECATED_OBJC_IMPLEMENTATIONS = YES;
				CLANG_WARN_DIRECT_OBJC_ISA_USAGE = YES_ERROR;
				CLANG_WARN_DOCUMENTATION_COMMENTS = YES;
				CLANG_WARN_EMPTY_BODY = YES;
				CLANG_WARN_ENUM_CONVERSION = YES;
				CLANG_WARN_INFINITE_RECURSION = YES;
				CLANG_WARN_INT_CONVERSION = YES;
				CLANG_WARN_NON_LITERAL_NULL_CONVERSION = YES;
				CLANG_WARN_OBJC_IMPLICIT_RETAIN_SELF = YES;
				CLANG_WARN_OBJC_LITERAL_CONVERSION = YES;
				CLANG_WARN_OBJC_ROOT_CLASS = YES_ERROR;
				CLANG_WARN_QUOTED_INCLUDE_IN_FRAMEWORK_HEADER = YES;
				CLANG_WARN_RANGE_LOOP_ANALYSIS = YES;
				CLANG_WARN_STRICT_PROTOTYPES = YES;
				CLANG_WARN_SUSPICIOUS_MOVE = YES;
				CLANG_WARN_UNGUARDED_AVAILABILITY = YES_AGGRESSIVE;
				CLANG_WARN_UNREACHABLE_CODE = YES;
				CLANG_WARN__DUPLICATE_METHOD_MATCH = YES;
				COPY_PHASE_STRIP = NO;
				DEBUG_INFORMATION_FORMAT = "dwarf-with-dsym";
				ENABLE_NS_ASSERTIONS = NO;
				ENABLE_STRICT_OBJC_MSGSEND = YES;
				ENABLE_USER_SCRIPT_SANDBOXING = YES;
				GCC_C_LANGUAGE_STANDARD = gnu17;
				GCC_NO_COMMON_BLOCKS = YES;
				GCC_WARN_64_TO_32_BIT_CONVERSION = YES;
				GCC_WARN_ABOUT_RETURN_TYPE = YES_ERROR;
				GCC_WARN_UNDECLARED_SELECTOR = YES;
				GCC_WARN_UNINITIALIZED_AUTOS = YES_AGGRESSIVE;
				GCC_WARN_UNUSED_FUNCTION = YES;
				GCC_WARN_UNUSED_VARIABLE = YES;
				IPHONEOS_DEPLOYMENT_TARGET = 17.2;
				LOCALIZATION_PREFERS_STRING_CATALOGS = YES;
				MTL_ENABLE_DEBUG_INFO = NO;
				MTL_FAST_MATH = YES;
				SDKROOT = iphoneos;
				SWIFT_COMPILATION_MODE = wholemodule;
				VALIDATE_PRODUCT = YES;
			};
			name = Release;
		};
		EEA6E1A72BB1D83100EC0B88 /* Debug */ = {
			isa = XCBuildConfiguration;
			buildSettings = {
				ASSETCATALOG_COMPILER_APPICON_NAME = AppIcon;
				ASSETCATALOG_COMPILER_GLOBAL_ACCENT_COLOR_NAME = AccentColor;
				CODE_SIGN_STYLE = Automatic;
				CURRENT_PROJECT_VERSION = 1;
				DEVELOPMENT_ASSET_PATHS = "\"Avia Mania/Preview Content\"";
				DEVELOPMENT_TEAM = 4RSA42DBKQ;
				ENABLE_PREVIEWS = YES;
				GENERATE_INFOPLIST_FILE = YES;
				INFOPLIST_KEY_LSApplicationCategoryType = "public.app-category.arcade-games";
				INFOPLIST_KEY_UIApplicationSceneManifest_Generation = YES;
				INFOPLIST_KEY_UIApplicationSupportsIndirectInputEvents = YES;
				INFOPLIST_KEY_UILaunchScreen_Generation = YES;
				INFOPLIST_KEY_UISupportedInterfaceOrientations_iPad = "UIInterfaceOrientationPortrait UIInterfaceOrientationPortraitUpsideDown UIInterfaceOrientationLandscapeLeft UIInterfaceOrientationLandscapeRight";
				INFOPLIST_KEY_UISupportedInterfaceOrientations_iPhone = "UIInterfaceOrientationPortrait UIInterfaceOrientationLandscapeLeft UIInterfaceOrientationLandscapeRight";
				IPHONEOS_DEPLOYMENT_TARGET = 14.0;
				LD_RUNPATH_SEARCH_PATHS = (
					"$(inherited)",
					"@executable_path/Frameworks",
				);
				MARKETING_VERSION = 1.0;
				PRODUCT_BUNDLE_IDENTIFIER = "com.whackplikogame.Avia-Mania";
				PRODUCT_NAME = "$(TARGET_NAME)";
				SUPPORTED_PLATFORMS = "iphoneos iphonesimulator";
				SUPPORTS_MACCATALYST = NO;
				SUPPORTS_MAC_DESIGNED_FOR_IPHONE_IPAD = NO;
				SWIFT_EMIT_LOC_STRINGS = YES;
				SWIFT_VERSION = 5.0;
				TARGETED_DEVICE_FAMILY = "1,2";
			};
			name = Debug;
		};
		EEA6E1A82BB1D83100EC0B88 /* Release */ = {
			isa = XCBuildConfiguration;
			buildSettings = {
				ASSETCATALOG_COMPILER_APPICON_NAME = AppIcon;
				ASSETCATALOG_COMPILER_GLOBAL_ACCENT_COLOR_NAME = AccentColor;
				CODE_SIGN_STYLE = Automatic;
				CURRENT_PROJECT_VERSION = 1;
				DEVELOPMENT_ASSET_PATHS = "\"Avia Mania/Preview Content\"";
				DEVELOPMENT_TEAM = 4RSA42DBKQ;
				ENABLE_PREVIEWS = YES;
				GENERATE_INFOPLIST_FILE = YES;
				INFOPLIST_KEY_LSApplicationCategoryType = "public.app-category.arcade-games";
				INFOPLIST_KEY_UIApplicationSceneManifest_Generation = YES;
				INFOPLIST_KEY_UIApplicationSupportsIndirectInputEvents = YES;
				INFOPLIST_KEY_UILaunchScreen_Generation = YES;
				INFOPLIST_KEY_UISupportedInterfaceOrientations_iPad = "UIInterfaceOrientationPortrait UIInterfaceOrientationPortraitUpsideDown UIInterfaceOrientationLandscapeLeft UIInterfaceOrientationLandscapeRight";
				INFOPLIST_KEY_UISupportedInterfaceOrientations_iPhone = "UIInterfaceOrientationPortrait UIInterfaceOrientationLandscapeLeft UIInterfaceOrientationLandscapeRight";
				IPHONEOS_DEPLOYMENT_TARGET = 14.0;
				LD_RUNPATH_SEARCH_PATHS = (
					"$(inherited)",
					"@executable_path/Frameworks",
				);
				MARKETING_VERSION = 1.0;
				PRODUCT_BUNDLE_IDENTIFIER = "com.whackplikogame.Avia-Mania";
				PRODUCT_NAME = "$(TARGET_NAME)";
				SUPPORTED_PLATFORMS = "iphoneos iphonesimulator";
				SUPPORTS_MACCATALYST = NO;
				SUPPORTS_MAC_DESIGNED_FOR_IPHONE_IPAD = NO;
				SWIFT_EMIT_LOC_STRINGS = YES;
				SWIFT_VERSION = 5.0;
				TARGETED_DEVICE_FAMILY = "1,2";
			};
			name = Release;
		};
/* End XCBuildConfiguration section */

/* Begin XCConfigurationList section */
		EEA6E1932BB1D82F00EC0B88 /* Build configuration list for PBXProject "Avia Mania" */ = {
			isa = XCConfigurationList;
			buildConfigurations = (
				EEA6E1A42BB1D83100EC0B88 /* Debug */,
				EEA6E1A52BB1D83100EC0B88 /* Release */,
			);
			defaultConfigurationIsVisible = 0;
			defaultConfigurationName = Release;
		};
		EEA6E1A62BB1D83100EC0B88 /* Build configuration list for PBXNativeTarget "Avia Mania" */ = {
			isa = XCConfigurationList;
			buildConfigurations = (
				EEA6E1A72BB1D83100EC0B88 /* Debug */,
				EEA6E1A82BB1D83100EC0B88 /* Release */,
			);
			defaultConfigurationIsVisible = 0;
			defaultConfigurationName = Release;
		};
/* End XCConfigurationList section */
	};
	rootObject = EEA6E1902BB1D82F00EC0B88 /* Project object */;
}
